
Microsoft Visual Studio Solution File, Format Version 12.00
# Visual Studio 15
VisualStudioVersion = 15.0.27130.2027
MinimumVisualStudioVersion = 10.0.40219.1
Project("{FAE04EC0-301F-11D3-BF4B-00C04F79EFBC}") = "EstudandoOOCarro", "EstudandoOOCarro.csproj", "{9FC28574-D3B8-4B6B-A778-904B63941072}"
EndProject
Project("{FAE04EC0-301F-11D3-BF4B-00C04F79EFBC}") = "EstudandoOOCarroTeste", "..\EstudandoOOCarroTeste\EstudandoOOCarroTeste.csproj", "{B837B4D1-E262-42CD-B6D7-4411781FC7D8}"
EndProject
Global
	GlobalSection(SolutionConfigurationPlatforms) = preSolution
		Debug|Any CPU = Debug|Any CPU
		Release|Any CPU = Release|Any CPU
	EndGlobalSection
	GlobalSection(ProjectConfigurationPlatforms) = postSolution
		{9FC28574-D3B8-4B6B-A778-904B63941072}.Debug|Any CPU.ActiveCfg = Debug|Any CPU
		{9FC28574-D3B8-4B6B-A778-904B63941072}.Debug|Any CPU.Build.0 = Debug|Any CPU
		{9FC28574-D3B8-4B6B-A778-904B63941072}.Release|Any CPU.ActiveCfg = Release|Any CPU
		{9FC28574-D3B8-4B6B-A778-904B63941072}.Release|Any CPU.Build.0 = Release|Any CPU
		{B837B4D1-E262-42CD-B6D7-4411781FC7D8}.Debug|Any CPU.ActiveCfg = Debug|Any CPU
		{B837B4D1-E262-42CD-B6D7-4411781FC7D8}.Debug|Any CPU.Build.0 = Debug|Any CPU
		{B837B4D1-E262-42CD-B6D7-4411781FC7D8}.Release|Any CPU.ActiveCfg = Release|Any CPU
		{B837B4D1-E262-42CD-B6D7-4411781FC7D8}.Release|Any CPU.Build.0 = Release|Any CPU
	EndGlobalSection
	GlobalSection(SolutionProperties) = preSolution
		HideSolutionNode = FALSE
	EndGlobalSection
	GlobalSection(ExtensibilityGlobals) = postSolution
		SolutionGuid = {EE93CC53-E219-4573-8E80-EF848A067967}
	EndGlobalSection
EndGlobal
